// !$*UTF8*$!
{
	archiveVersion = 1;
	classes = {
	};
	objectVersion = 56;
	objects = {

/* Begin PBXBuildFile section */
		1AEAB7162C763A0C00C9E544 /* AppDelegate.swift in Sources */ = {isa = PBXBuildFile; fileRef = 1AEAB7152C763A0C00C9E544 /* AppDelegate.swift */; };
		1AEAB7182C763A0C00C9E544 /* SceneDelegate.swift in Sources */ = {isa = PBXBuildFile; fileRef = 1AEAB7172C763A0C00C9E544 /* SceneDelegate.swift */; };
		1AEAB71A2C763A0C00C9E544 /* ViewController.swift in Sources */ = {isa = PBXBuildFile; fileRef = 1AEAB7192C763A0C00C9E544 /* ViewController.swift */; };
		1AEAB71D2C763A0C00C9E544 /* Base in Resources */ = {isa = PBXBuildFile; fileRef = 1AEAB71C2C763A0C00C9E544 /* Base */; };
		1AEAB71F2C763A0E00C9E544 /* Assets.xcassets in Resources */ = {isa = PBXBuildFile; fileRef = 1AEAB71E2C763A0E00C9E544 /* Assets.xcassets */; };
		1AEAB7222C763A0E00C9E544 /* Base in Resources */ = {isa = PBXBuildFile; fileRef = 1AEAB7212C763A0E00C9E544 /* Base */; };
		1AEAB72A2C763A6C00C9E544 /* GoogleService-Info.plist in Resources */ = {isa = PBXBuildFile; fileRef = 1AEAB7292C763A6C00C9E544 /* GoogleService-Info.plist */; };
		1AEAB72D2C763F0800C9E544 /* FirebaseAuth in Frameworks */ = {isa = PBXBuildFile; productRef = 1AEAB72C2C763F0800C9E544 /* FirebaseAuth */; };
		1AEAB72F2C763F0800C9E544 /* FirebaseCrashlytics in Frameworks */ = {isa = PBXBuildFile; productRef = 1AEAB72E2C763F0800C9E544 /* FirebaseCrashlytics */; };
		1AEAB7312C763F0800C9E544 /* FirebaseDatabase in Frameworks */ = {isa = PBXBuildFile; productRef = 1AEAB7302C763F0800C9E544 /* FirebaseDatabase */; };
		1AEAB7332C763F0800C9E544 /* FirebaseFirestore in Frameworks */ = {isa = PBXBuildFile; productRef = 1AEAB7322C763F0800C9E544 /* FirebaseFirestore */; };
		1AEAB7352C763F0800C9E544 /* FirebaseStorage in Frameworks */ = {isa = PBXBuildFile; productRef = 1AEAB7342C763F0800C9E544 /* FirebaseStorage */; };
/* End PBXBuildFile section */

/* Begin PBXFileReference section */
		1AEAB7122C763A0C00C9E544 /* FirebaseTestProject.app */ = {isa = PBXFileReference; explicitFileType = wrapper.application; includeInIndex = 0; path = FirebaseTestProject.app; sourceTree = BUILT_PRODUCTS_DIR; };
		1AEAB7152C763A0C00C9E544 /* AppDelegate.swift */ = {isa = PBXFileReference; lastKnownFileType = sourcecode.swift; path = AppDelegate.swift; sourceTree = "<group>"; };
		1AEAB7172C763A0C00C9E544 /* SceneDelegate.swift */ = {isa = PBXFileReference; lastKnownFileType = sourcecode.swift; path = SceneDelegate.swift; sourceTree = "<group>"; };
		1AEAB7192C763A0C00C9E544 /* ViewController.swift */ = {isa = PBXFileReference; lastKnownFileType = sourcecode.swift; path = ViewController.swift; sourceTree = "<group>"; };
		1AEAB71C2C763A0C00C9E544 /* Base */ = {isa = PBXFileReference; lastKnownFileType = file.storyboard; name = Base; path = Base.lproj/Main.storyboard; sourceTree = "<group>"; };
		1AEAB71E2C763A0E00C9E544 /* Assets.xcassets */ = {isa = PBXFileReference; lastKnownFileType = folder.assetcatalog; path = Assets.xcassets; sourceTree = "<group>"; };
		1AEAB7212C763A0E00C9E544 /* Base */ = {isa = PBXFileReference; lastKnownFileType = file.storyboard; name = Base; path = Base.lproj/LaunchScreen.storyboard; sourceTree = "<group>"; };
		1AEAB7232C763A0E00C9E544 /* Info.plist */ = {isa = PBXFileReference; lastKnownFileType = text.plist.xml; path = Info.plist; sourceTree = "<group>"; };
		1AEAB7292C763A6C00C9E544 /* GoogleService-Info.plist */ = {isa = PBXFileReference; fileEncoding = 4; lastKnownFileType = text.plist.xml; path = "GoogleService-Info.plist"; sourceTree = "<group>"; };
/* End PBXFileReference section */

/* Begin PBXFrameworksBuildPhase section */
		1AEAB70F2C763A0C00C9E544 /* Frameworks */ = {
			isa = PBXFrameworksBuildPhase;
			buildActionMask = 2147483647;
			files = (
				1AEAB7312C763F0800C9E544 /* FirebaseDatabase in Frameworks */,
				1AEAB7332C763F0800C9E544 /* FirebaseFirestore in Frameworks */,
				1AEAB72D2C763F0800C9E544 /* FirebaseAuth in Frameworks */,
				1AEAB7352C763F0800C9E544 /* FirebaseStorage in Frameworks */,
				1AEAB72F2C763F0800C9E544 /* FirebaseCrashlytics in Frameworks */,
			);
			runOnlyForDeploymentPostprocessing = 0;
		};
/* End PBXFrameworksBuildPhase section */

/* Begin PBXGroup section */
		1AEAB7092C763A0C00C9E544 = {
			isa = PBXGroup;
			children = (
				1AEAB7142C763A0C00C9E544 /* FirebaseTestProject */,
				1AEAB7132C763A0C00C9E544 /* Products */,
			);
			sourceTree = "<group>";
		};
		1AEAB7132C763A0C00C9E544 /* Products */ = {
			isa = PBXGroup;
			children = (
				1AEAB7122C763A0C00C9E544 /* FirebaseTestProject.app */,
			);
			name = Products;
			sourceTree = "<group>";
		};
		1AEAB7142C763A0C00C9E544 /* FirebaseTestProject */ = {
			isa = PBXGroup;
			children = (
				1AEAB7152C763A0C00C9E544 /* AppDelegate.swift */,
				1AEAB7172C763A0C00C9E544 /* SceneDelegate.swift */,
				1AEAB7192C763A0C00C9E544 /* ViewController.swift */,
				1AEAB71B2C763A0C00C9E544 /* Main.storyboard */,
				1AEAB71E2C763A0E00C9E544 /* Assets.xcassets */,
				1AEAB7202C763A0E00C9E544 /* LaunchScreen.storyboard */,
				1AEAB7292C763A6C00C9E544 /* GoogleService-Info.plist */,
				1AEAB7232C763A0E00C9E544 /* Info.plist */,
			);
			path = FirebaseTestProject;
			sourceTree = "<group>";
		};
/* End PBXGroup section */

/* Begin PBXNativeTarget section */
		1AEAB7112C763A0C00C9E544 /* FirebaseTestProject */ = {
			isa = PBXNativeTarget;
			buildConfigurationList = 1AEAB7262C763A0E00C9E544 /* Build configuration list for PBXNativeTarget "FirebaseTestProject" */;
			buildPhases = (
				1AEAB70E2C763A0C00C9E544 /* Sources */,
				1AEAB70F2C763A0C00C9E544 /* Frameworks */,
				1AEAB7102C763A0C00C9E544 /* Resources */,
			);
			buildRules = (
			);
			dependencies = (
			);
			name = FirebaseTestProject;
			packageProductDependencies = (
				1AEAB72C2C763F0800C9E544 /* FirebaseAuth */,
				1AEAB72E2C763F0800C9E544 /* FirebaseCrashlytics */,
				1AEAB7302C763F0800C9E544 /* FirebaseDatabase */,
				1AEAB7322C763F0800C9E544 /* FirebaseFirestore */,
				1AEAB7342C763F0800C9E544 /* FirebaseStorage */,
			);
			productName = FirebaseTestProject;
			productReference = 1AEAB7122C763A0C00C9E544 /* FirebaseTestProject.app */;
			productType = "com.apple.product-type.application";
		};
/* End PBXNativeTarget section */

/* Begin PBXProject section */
		1AEAB70A2C763A0C00C9E544 /* Project object */ = {
			isa = PBXProject;
			attributes = {
				BuildIndependentTargetsInParallel = 1;
				LastSwiftUpdateCheck = 1540;
				LastUpgradeCheck = 1540;
				TargetAttributes = {
					1AEAB7112C763A0C00C9E544 = {
						CreatedOnToolsVersion = 15.4;
					};
				};
			};
			buildConfigurationList = 1AEAB70D2C763A0C00C9E544 /* Build configuration list for PBXProject "FirebaseTestProject" */;
			compatibilityVersion = "Xcode 14.0";
			developmentRegion = en;
			hasScannedForEncodings = 0;
			knownRegions = (
				en,
				Base,
			);
			mainGroup = 1AEAB7092C763A0C00C9E544;
			packageReferences = (
				1AEAB72B2C763F0800C9E544 /* XCRemoteSwiftPackageReference "firebase-ios-sdk" */,
			);
			productRefGroup = 1AEAB7132C763A0C00C9E544 /* Products */;
			projectDirPath = "";
			projectRoot = "";
			targets = (
				1AEAB7112C763A0C00C9E544 /* FirebaseTestProject */,
			);
		};
/* End PBXProject section */

/* Begin PBXResourcesBuildPhase section */
		1AEAB7102C763A0C00C9E544 /* Resources */ = {
			isa = PBXResourcesBuildPhase;
			buildActionMask = 2147483647;
			files = (
				1AEAB71F2C763A0E00C9E544 /* Assets.xcassets in Resources */,
				1AEAB72A2C763A6C00C9E544 /* GoogleService-Info.plist in Resources */,
				1AEAB7222C763A0E00C9E544 /* Base in Resources */,
				1AEAB71D2C763A0C00C9E544 /* Base in Resources */,
			);
			runOnlyForDeploymentPostprocessing = 0;
		};
/* End PBXResourcesBuildPhase section */

/* Begin PBXSourcesBuildPhase section */
		1AEAB70E2C763A0C00C9E544 /* Sources */ = {
			isa = PBXSourcesBuildPhase;
			buildActionMask = 2147483647;
			files = (
				1AEAB71A2C763A0C00C9E544 /* ViewController.swift in Sources */,
				1AEAB7162C763A0C00C9E544 /* AppDelegate.swift in Sources */,
				1AEAB7182C763A0C00C9E544 /* SceneDelegate.swift in Sources */,
			);
			runOnlyForDeploymentPostprocessing = 0;
		};
/* End PBXSourcesBuildPhase section */

/* Begin PBXVariantGroup section */
		1AEAB71B2C763A0C00C9E544 /* Main.storyboard */ = {
			isa = PBXVariantGroup;
			children = (
				1AEAB71C2C763A0C00C9E544 /* Base */,
			);
			name = Main.storyboard;
			sourceTree = "<group>";
		};
		1AEAB7202C763A0E00C9E544 /* LaunchScreen.storyboard */ = {
			isa = PBXVariantGroup;
			children = (
				1AEAB7212C763A0E00C9E544 /* Base */,
			);
			name = LaunchScreen.storyboard;
			sourceTree = "<group>";
		};
/* End PBXVariantGroup section */

/* Begin XCBuildConfiguration section */
		1AEAB7242C763A0E00C9E544 /* Debug */ = {
			isa = XCBuildConfiguration;
			buildSettings = {
				ALWAYS_SEARCH_USER_PATHS = NO;
				ASSETCATALOG_COMPILER_GENERATE_SWIFT_ASSET_SYMBOL_EXTENSIONS = YES;
				CLANG_ANALYZER_NONNULL = YES;
				CLANG_ANALYZER_NUMBER_OBJECT_CONVERSION = YES_AGGRESSIVE;
				CLANG_CXX_LANGUAGE_STANDARD = "gnu++20";
				CLANG_ENABLE_MODULES = YES;
				CLANG_ENABLE_OBJC_ARC = YES;
				CLANG_ENABLE_OBJC_WEAK = YES;
				CLANG_WARN_BLOCK_CAPTURE_AUTORELEASING = YES;
				CLANG_WARN_BOOL_CONVERSION = YES;
				CLANG_WARN_COMMA = YES;
				CLANG_WARN_CONSTANT_CONVERSION = YES;
				CLANG_WARN_DEPRECATED_OBJC_IMPLEMENTATIONS = YES;
				CLANG_WARN_DIRECT_OBJC_ISA_USAGE = YES_ERROR;
				CLANG_WARN_DOCUMENTATION_COMMENTS = YES;
				CLANG_WARN_EMPTY_BODY = YES;
				CLANG_WARN_ENUM_CONVERSION = YES;
				CLANG_WARN_INFINITE_RECURSION = YES;
				CLANG_WARN_INT_CONVERSION = YES;
				CLANG_WARN_NON_LITERAL_NULL_CONVERSION = YES;
				CLANG_WARN_OBJC_IMPLICIT_RETAIN_SELF = YES;
				CLANG_WARN_OBJC_LITERAL_CONVERSION = YES;
				CLANG_WARN_OBJC_ROOT_CLASS = YES_ERROR;
				CLANG_WARN_QUOTED_INCLUDE_IN_FRAMEWORK_HEADER = YES;
				CLANG_WARN_RANGE_LOOP_ANALYSIS = YES;
				CLANG_WARN_STRICT_PROTOTYPES = YES;
				CLANG_WARN_SUSPICIOUS_MOVE = YES;
				CLANG_WARN_UNGUARDED_AVAILABILITY = YES_AGGRESSIVE;
				CLANG_WARN_UNREACHABLE_CODE = YES;
				CLANG_WARN__DUPLICATE_METHOD_MATCH = YES;
				COPY_PHASE_STRIP = NO;
				DEBUG_INFORMATION_FORMAT = dwarf;
				ENABLE_STRICT_OBJC_MSGSEND = YES;
				ENABLE_TESTABILITY = YES;
				ENABLE_USER_SCRIPT_SANDBOXING = YES;
				GCC_C_LANGUAGE_STANDARD = gnu17;
				GCC_DYNAMIC_NO_PIC = NO;
				GCC_NO_COMMON_BLOCKS = YES;
				GCC_OPTIMIZATION_LEVEL = 0;
				GCC_PREPROCESSOR_DEFINITIONS = (
					"DEBUG=1",
					"$(inherited)",
				);
				GCC_WARN_64_TO_32_BIT_CONVERSION = YES;
				GCC_WARN_ABOUT_RETURN_TYPE = YES_ERROR;
				GCC_WARN_UNDECLARED_SELECTOR = YES;
				GCC_WARN_UNINITIALIZED_AUTOS = YES_AGGRESSIVE;
				GCC_WARN_UNUSED_FUNCTION = YES;
				GCC_WARN_UNUSED_VARIABLE = YES;
				IPHONEOS_DEPLOYMENT_TARGET = 17.5;
				LOCALIZATION_PREFERS_STRING_CATALOGS = YES;
				MTL_ENABLE_DEBUG_INFO = INCLUDE_SOURCE;
				MTL_FAST_MATH = YES;
				ONLY_ACTIVE_ARCH = YES;
				SDKROOT = iphoneos;
				SWIFT_ACTIVE_COMPILATION_CONDITIONS = "DEBUG $(inherited)";
				SWIFT_OPTIMIZATION_LEVEL = "-Onone";
			};
			name = Debug;
		};
		1AEAB7252C763A0E00C9E544 /* Release */ = {
			isa = XCBuildConfiguration;
			buildSettings = {
				ALWAYS_SEARCH_USER_PATHS = NO;
				ASSETCATALOG_COMPILER_GENERATE_SWIFT_ASSET_SYMBOL_EXTENSIONS = YES;
				CLANG_ANALYZER_NONNULL = YES;
				CLANG_ANALYZER_NUMBER_OBJECT_CONVERSION = YES_AGGRESSIVE;
				CLANG_CXX_LANGUAGE_STANDARD = "gnu++20";
				CLANG_ENABLE_MODULES = YES;
				CLANG_ENABLE_OBJC_ARC = YES;
				CLANG_ENABLE_OBJC_WEAK = YES;
				CLANG_WARN_BLOCK_CAPTURE_AUTORELEASING = YES;
				CLANG_WARN_BOOL_CONVERSION = YES;
				CLANG_WARN_COMMA = YES;
				CLANG_WARN_CONSTANT_CONVERSION = YES;
				CLANG_WARN_DEPRECATED_OBJC_IMPLEMENTATIONS = YES;
				CLANG_WARN_DIRECT_OBJC_ISA_USAGE = YES_ERROR;
				CLANG_WARN_DOCUMENTATION_COMMENTS = YES;
				CLANG_WARN_EMPTY_BODY = YES;
				CLANG_WARN_ENUM_CONVERSION = YES;
				CLANG_WARN_INFINITE_RECURSION = YES;
				CLANG_WARN_INT_CONVERSION = YES;
				CLANG_WARN_NON_LITERAL_NULL_CONVERSION = YES;
				CLANG_WARN_OBJC_IMPLICIT_RETAIN_SELF = YES;
				CLANG_WARN_OBJC_LITERAL_CONVERSION = YES;
				CLANG_WARN_OBJC_ROOT_CLASS = YES_ERROR;
				CLANG_WARN_QUOTED_INCLUDE_IN_FRAMEWORK_HEADER = YES;
				CLANG_WARN_RANGE_LOOP_ANALYSIS = YES;
				CLANG_WARN_STRICT_PROTOTYPES = YES;
				CLANG_WARN_SUSPICIOUS_MOVE = YES;
				CLANG_WARN_UNGUARDED_AVAILABILITY = YES_AGGRESSIVE;
				CLANG_WARN_UNREACHABLE_CODE = YES;
				CLANG_WARN__DUPLICATE_METHOD_MATCH = YES;
				COPY_PHASE_STRIP = NO;
				DEBUG_INFORMATION_FORMAT = "dwarf-with-dsym";
				ENABLE_NS_ASSERTIONS = NO;
				ENABLE_STRICT_OBJC_MSGSEND = YES;
				ENABLE_USER_SCRIPT_SANDBOXING = YES;
				GCC_C_LANGUAGE_STANDARD = gnu17;
				GCC_NO_COMMON_BLOCKS = YES;
				GCC_WARN_64_TO_32_BIT_CONVERSION = YES;
				GCC_WARN_ABOUT_RETURN_TYPE = YES_ERROR;
				GCC_WARN_UNDECLARED_SELECTOR = YES;
				GCC_WARN_UNINITIALIZED_AUTOS = YES_AGGRESSIVE;
				GCC_WARN_UNUSED_FUNCTION = YES;
				GCC_WARN_UNUSED_VARIABLE = YES;
				IPHONEOS_DEPLOYMENT_TARGET = 17.5;
				LOCALIZATION_PREFERS_STRING_CATALOGS = YES;
				MTL_ENABLE_DEBUG_INFO = NO;
				MTL_FAST_MATH = YES;
				SDKROOT = iphoneos;
				SWIFT_COMPILATION_MODE = wholemodule;
				VALIDATE_PRODUCT = YES;
			};
			name = Release;
		};
		1AEAB7272C763A0E00C9E544 /* Debug */ = {
			isa = XCBuildConfiguration;
			buildSettings = {
				ASSETCATALOG_COMPILER_APPICON_NAME = AppIcon;
				ASSETCATALOG_COMPILER_GLOBAL_ACCENT_COLOR_NAME = AccentColor;
				CODE_SIGN_STYLE = Automatic;
				CURRENT_PROJECT_VERSION = 1;
				GENERATE_INFOPLIST_FILE = YES;
				INFOPLIST_FILE = FirebaseTestProject/Info.plist;
				INFOPLIST_KEY_UIApplicationSupportsIndirectInputEvents = YES;
				INFOPLIST_KEY_UILaunchStoryboardName = LaunchScreen;
				INFOPLIST_KEY_UIMainStoryboardFile = Main;
				INFOPLIST_KEY_UISupportedInterfaceOrientations_iPad = "UIInterfaceOrientationPortrait UIInterfaceOrientationPortraitUpsideDown UIInterfaceOrientationLandscapeLeft UIInterfaceOrientationLandscapeRight";
				INFOPLIST_KEY_UISupportedInterfaceOrientations_iPhone = "UIInterfaceOrientationPortrait UIInterfaceOrientationLandscapeLeft UIInterfaceOrientationLandscapeRight";
				LD_RUNPATH_SEARCH_PATHS = (
					"$(inherited)",
					"@executable_path/Frameworks",
				);
				MARKETING_VERSION = 1.0;
				PRODUCT_BUNDLE_IDENTIFIER = com.zahraalizada.FirebaseTestProject;
				PRODUCT_NAME = "$(TARGET_NAME)";
				SWIFT_EMIT_LOC_STRINGS = YES;
				SWIFT_VERSION = 5.0;
				TARGETED_DEVICE_FAMILY = "1,2";
			};
			name = Debug;
		};
		1AEAB7282C763A0E00C9E544 /* Release */ = {
			isa = XCBuildConfiguration;
			buildSettings = {
				ASSETCATALOG_COMPILER_APPICON_NAME = AppIcon;
				ASSETCATALOG_COMPILER_GLOBAL_ACCENT_COLOR_NAME = AccentColor;
				CODE_SIGN_STYLE = Automatic;
				CURRENT_PROJECT_VERSION = 1;
				GENERATE_INFOPLIST_FILE = YES;
				INFOPLIST_FILE = FirebaseTestProject/Info.plist;
				INFOPLIST_KEY_UIApplicationSupportsIndirectInputEvents = YES;
				INFOPLIST_KEY_UILaunchStoryboardName = LaunchScreen;
				INFOPLIST_KEY_UIMainStoryboardFile = Main;
				INFOPLIST_KEY_UISupportedInterfaceOrientations_iPad = "UIInterfaceOrientationPortrait UIInterfaceOrientationPortraitUpsideDown UIInterfaceOrientationLandscapeLeft UIInterfaceOrientationLandscapeRight";
				INFOPLIST_KEY_UISupportedInterfaceOrientations_iPhone = "UIInterfaceOrientationPortrait UIInterfaceOrientationLandscapeLeft UIInterfaceOrientationLandscapeRight";
				LD_RUNPATH_SEARCH_PATHS = (
					"$(inherited)",
					"@executable_path/Frameworks",
				);
				MARKETING_VERSION = 1.0;
				PRODUCT_BUNDLE_IDENTIFIER = com.zahraalizada.FirebaseTestProject;
				PRODUCT_NAME = "$(TARGET_NAME)";
				SWIFT_EMIT_LOC_STRINGS = YES;
				SWIFT_VERSION = 5.0;
				TARGETED_DEVICE_FAMILY = "1,2";
			};
			name = Release;
		};
/* End XCBuildConfiguration section */

/* Begin XCConfigurationList section */
		1AEAB70D2C763A0C00C9E544 /* Build configuration list for PBXProject "FirebaseTestProject" */ = {
			isa = XCConfigurationList;
			buildConfigurations = (
				1AEAB7242C763A0E00C9E544 /* Debug */,
				1AEAB7252C763A0E00C9E544 /* Release */,
			);
			defaultConfigurationIsVisible = 0;
			defaultConfigurationName = Release;
		};
		1AEAB7262C763A0E00C9E544 /* Build configuration list for PBXNativeTarget "FirebaseTestProject" */ = {
			isa = XCConfigurationList;
			buildConfigurations = (
				1AEAB7272C763A0E00C9E544 /* Debug */,
				1AEAB7282C763A0E00C9E544 /* Release */,
			);
			defaultConfigurationIsVisible = 0;
			defaultConfigurationName = Release;
		};
/* End XCConfigurationList section */

/* Begin XCRemoteSwiftPackageReference section */
		1AEAB72B2C763F0800C9E544 /* XCRemoteSwiftPackageReference "firebase-ios-sdk" */ = {
			isa = XCRemoteSwiftPackageReference;
			repositoryURL = "https://github.com/firebase/firebase-ios-sdk";
			requirement = {
				kind = upToNextMajorVersion;
				minimumVersion = 11.1.0;
			};
		};
/* End XCRemoteSwiftPackageReference section */

/* Begin XCSwiftPackageProductDependency section */
		1AEAB72C2C763F0800C9E544 /* FirebaseAuth */ = {
			isa = XCSwiftPackageProductDependency;
			package = 1AEAB72B2C763F0800C9E544 /* XCRemoteSwiftPackageReference "firebase-ios-sdk" */;
			productName = FirebaseAuth;
		};
		1AEAB72E2C763F0800C9E544 /* FirebaseCrashlytics */ = {
			isa = XCSwiftPackageProductDependency;
			package = 1AEAB72B2C763F0800C9E544 /* XCRemoteSwiftPackageReference "firebase-ios-sdk" */;
			productName = FirebaseCrashlytics;
		};
		1AEAB7302C763F0800C9E544 /* FirebaseDatabase */ = {
			isa = XCSwiftPackageProductDependency;
			package = 1AEAB72B2C763F0800C9E544 /* XCRemoteSwiftPackageReference "firebase-ios-sdk" */;
			productName = FirebaseDatabase;
		};
		1AEAB7322C763F0800C9E544 /* FirebaseFirestore */ = {
			isa = XCSwiftPackageProductDependency;
			package = 1AEAB72B2C763F0800C9E544 /* XCRemoteSwiftPackageReference "firebase-ios-sdk" */;
			productName = FirebaseFirestore;
		};
		1AEAB7342C763F0800C9E544 /* FirebaseStorage */ = {
			isa = XCSwiftPackageProductDependency;
			package = 1AEAB72B2C763F0800C9E544 /* XCRemoteSwiftPackageReference "firebase-ios-sdk" */;
			productName = FirebaseStorage;
		};
/* End XCSwiftPackageProductDependency section */
	};
	rootObject = 1AEAB70A2C763A0C00C9E544 /* Project object */;
}
